// !$*UTF8*$!
{
	archiveVersion = 1;
	classes = {
	};
	objectVersion = 50;
	objects = {

/* Begin PBXBuildFile section */
		134FCD0BEFE5F71FB15A99D3 /* Pods_FlixsterTests.framework in Frameworks */ = {isa = PBXBuildFile; fileRef = 47607C87C9FA5FF1A5EE0812 /* Pods_FlixsterTests.framework */; };
		6E5E63C22520F94100E7CB18 /* AppDelegate.swift in Sources */ = {isa = PBXBuildFile; fileRef = 6E5E63C12520F94100E7CB18 /* AppDelegate.swift */; };
		6E5E63C42520F94100E7CB18 /* SceneDelegate.swift in Sources */ = {isa = PBXBuildFile; fileRef = 6E5E63C32520F94100E7CB18 /* SceneDelegate.swift */; };
		6E5E63C92520F94100E7CB18 /* Main.storyboard in Resources */ = {isa = PBXBuildFile; fileRef = 6E5E63C72520F94100E7CB18 /* Main.storyboard */; };
		6E5E63CB2520F94200E7CB18 /* Assets.xcassets in Resources */ = {isa = PBXBuildFile; fileRef = 6E5E63CA2520F94200E7CB18 /* Assets.xcassets */; };
		6E5E63CE2520F94200E7CB18 /* LaunchScreen.storyboard in Resources */ = {isa = PBXBuildFile; fileRef = 6E5E63CC2520F94200E7CB18 /* LaunchScreen.storyboard */; };
		6E5E63D92520F94200E7CB18 /* FlixsterTests.swift in Sources */ = {isa = PBXBuildFile; fileRef = 6E5E63D82520F94200E7CB18 /* FlixsterTests.swift */; };
		6E5E63E42520F94300E7CB18 /* FlixsterUITests.swift in Sources */ = {isa = PBXBuildFile; fileRef = 6E5E63E32520F94300E7CB18 /* FlixsterUITests.swift */; };
		6E5E63F52520F97C00E7CB18 /* MoviesViewController.swift in Sources */ = {isa = PBXBuildFile; fileRef = 6E5E63F42520F97C00E7CB18 /* MoviesViewController.swift */; };
		6E5E63FD2521031E00E7CB18 /* MovieCell.swift in Sources */ = {isa = PBXBuildFile; fileRef = 6E5E63FC2521031E00E7CB18 /* MovieCell.swift */; };
		CA8223A47DF0E129CC17AAF0 /* Pods_Flixster.framework in Frameworks */ = {isa = PBXBuildFile; fileRef = 98B1F73D282E06038F62E209 /* Pods_Flixster.framework */; };
		E0D0D28C070AADE0CF8D0284 /* Pods_Flixster_FlixsterUITests.framework in Frameworks */ = {isa = PBXBuildFile; fileRef = B4855E4ED0286D22F9264DEB /* Pods_Flixster_FlixsterUITests.framework */; };
/* End PBXBuildFile section */

/* Begin PBXContainerItemProxy section */
		6E5E63D52520F94200E7CB18 /* PBXContainerItemProxy */ = {
			isa = PBXContainerItemProxy;
			containerPortal = 6E5E63B62520F94100E7CB18 /* Project object */;
			proxyType = 1;
			remoteGlobalIDString = 6E5E63BD2520F94100E7CB18;
			remoteInfo = Flixster;
		};
		6E5E63E02520F94300E7CB18 /* PBXContainerItemProxy */ = {
			isa = PBXContainerItemProxy;
			containerPortal = 6E5E63B62520F94100E7CB18 /* Project object */;
			proxyType = 1;
			remoteGlobalIDString = 6E5E63BD2520F94100E7CB18;
			remoteInfo = Flixster;
		};
/* End PBXContainerItemProxy section */

/* Begin PBXFileReference section */
		21DFC9ECAE9619F3FE835461 /* Pods-Flixster.debug.xcconfig */ = {isa = PBXFileReference; includeInIndex = 1; lastKnownFileType = text.xcconfig; name = "Pods-Flixster.debug.xcconfig"; path = "Target Support Files/Pods-Flixster/Pods-Flixster.debug.xcconfig"; sourceTree = "<group>"; };
		47607C87C9FA5FF1A5EE0812 /* Pods_FlixsterTests.framework */ = {isa = PBXFileReference; explicitFileType = wrapper.framework; includeInIndex = 0; path = Pods_FlixsterTests.framework; sourceTree = BUILT_PRODUCTS_DIR; };
		6996D311070EBA623042C1F5 /* Pods-Flixster.release.xcconfig */ = {isa = PBXFileReference; includeInIndex = 1; lastKnownFileType = text.xcconfig; name = "Pods-Flixster.release.xcconfig"; path = "Target Support Files/Pods-Flixster/Pods-Flixster.release.xcconfig"; sourceTree = "<group>"; };
		6E5E63BE2520F94100E7CB18 /* Flixster.app */ = {isa = PBXFileReference; explicitFileType = wrapper.application; includeInIndex = 0; path = Flixster.app; sourceTree = BUILT_PRODUCTS_DIR; };
		6E5E63C12520F94100E7CB18 /* AppDelegate.swift */ = {isa = PBXFileReference; lastKnownFileType = sourcecode.swift; path = AppDelegate.swift; sourceTree = "<group>"; };
		6E5E63C32520F94100E7CB18 /* SceneDelegate.swift */ = {isa = PBXFileReference; lastKnownFileType = sourcecode.swift; path = SceneDelegate.swift; sourceTree = "<group>"; };
		6E5E63C82520F94100E7CB18 /* Base */ = {isa = PBXFileReference; lastKnownFileType = file.storyboard; name = Base; path = Base.lproj/Main.storyboard; sourceTree = "<group>"; };
		6E5E63CA2520F94200E7CB18 /* Assets.xcassets */ = {isa = PBXFileReference; lastKnownFileType = folder.assetcatalog; path = Assets.xcassets; sourceTree = "<group>"; };
		6E5E63CD2520F94200E7CB18 /* Base */ = {isa = PBXFileReference; lastKnownFileType = file.storyboard; name = Base; path = Base.lproj/LaunchScreen.storyboard; sourceTree = "<group>"; };
		6E5E63CF2520F94200E7CB18 /* Info.plist */ = {isa = PBXFileReference; lastKnownFileType = text.plist.xml; path = Info.plist; sourceTree = "<group>"; };
		6E5E63D42520F94200E7CB18 /* FlixsterTests.xctest */ = {isa = PBXFileReference; explicitFileType = wrapper.cfbundle; includeInIndex = 0; path = FlixsterTests.xctest; sourceTree = BUILT_PRODUCTS_DIR; };
		6E5E63D82520F94200E7CB18 /* FlixsterTests.swift */ = {isa = PBXFileReference; lastKnownFileType = sourcecode.swift; path = FlixsterTests.swift; sourceTree = "<group>"; };
		6E5E63DA2520F94200E7CB18 /* Info.plist */ = {isa = PBXFileReference; lastKnownFileType = text.plist.xml; path = Info.plist; sourceTree = "<group>"; };
		6E5E63DF2520F94300E7CB18 /* FlixsterUITests.xctest */ = {isa = PBXFileReference; explicitFileType = wrapper.cfbundle; includeInIndex = 0; path = FlixsterUITests.xctest; sourceTree = BUILT_PRODUCTS_DIR; };
		6E5E63E32520F94300E7CB18 /* FlixsterUITests.swift */ = {isa = PBXFileReference; lastKnownFileType = sourcecode.swift; path = FlixsterUITests.swift; sourceTree = "<group>"; };
		6E5E63E52520F94300E7CB18 /* Info.plist */ = {isa = PBXFileReference; lastKnownFileType = text.plist.xml; path = Info.plist; sourceTree = "<group>"; };
		6E5E63F42520F97C00E7CB18 /* MoviesViewController.swift */ = {isa = PBXFileReference; lastKnownFileType = sourcecode.swift; path = MoviesViewController.swift; sourceTree = "<group>"; };
		6E5E63FC2521031E00E7CB18 /* MovieCell.swift */ = {isa = PBXFileReference; lastKnownFileType = sourcecode.swift; path = MovieCell.swift; sourceTree = "<group>"; };
		7850E7270AC2A08CB8C2F552 /* Pods-Flixster-FlixsterUITests.debug.xcconfig */ = {isa = PBXFileReference; includeInIndex = 1; lastKnownFileType = text.xcconfig; name = "Pods-Flixster-FlixsterUITests.debug.xcconfig"; path = "Target Support Files/Pods-Flixster-FlixsterUITests/Pods-Flixster-FlixsterUITests.debug.xcconfig"; sourceTree = "<group>"; };
		87E89E8DFBF793B7DC80526D /* Pods-FlixsterTests.debug.xcconfig */ = {isa = PBXFileReference; includeInIndex = 1; lastKnownFileType = text.xcconfig; name = "Pods-FlixsterTests.debug.xcconfig"; path = "Target Support Files/Pods-FlixsterTests/Pods-FlixsterTests.debug.xcconfig"; sourceTree = "<group>"; };
		98B1F73D282E06038F62E209 /* Pods_Flixster.framework */ = {isa = PBXFileReference; explicitFileType = wrapper.framework; includeInIndex = 0; path = Pods_Flixster.framework; sourceTree = BUILT_PRODUCTS_DIR; };
		A40928B131ABE260CC7F52D6 /* Pods-Flixster-FlixsterUITests.release.xcconfig */ = {isa = PBXFileReference; includeInIndex = 1; lastKnownFileType = text.xcconfig; name = "Pods-Flixster-FlixsterUITests.release.xcconfig"; path = "Target Support Files/Pods-Flixster-FlixsterUITests/Pods-Flixster-FlixsterUITests.release.xcconfig"; sourceTree = "<group>"; };
		B4855E4ED0286D22F9264DEB /* Pods_Flixster_FlixsterUITests.framework */ = {isa = PBXFileReference; explicitFileType = wrapper.framework; includeInIndex = 0; path = Pods_Flixster_FlixsterUITests.framework; sourceTree = BUILT_PRODUCTS_DIR; };
		F94CC9A0EE762D8E0FE454E7 /* Pods-FlixsterTests.release.xcconfig */ = {isa = PBXFileReference; includeInIndex = 1; lastKnownFileType = text.xcconfig; name = "Pods-FlixsterTests.release.xcconfig"; path = "Target Support Files/Pods-FlixsterTests/Pods-FlixsterTests.release.xcconfig"; sourceTree = "<group>"; };
/* End PBXFileReference section */

/* Begin PBXFrameworksBuildPhase section */
		6E5E63BB2520F94100E7CB18 /* Frameworks */ = {
			isa = PBXFrameworksBuildPhase;
			buildActionMask = 2147483647;
			files = (
				CA8223A47DF0E129CC17AAF0 /* Pods_Flixster.framework in Frameworks */,
			);
			runOnlyForDeploymentPostprocessing = 0;
		};
		6E5E63D12520F94200E7CB18 /* Frameworks */ = {
			isa = PBXFrameworksBuildPhase;
			buildActionMask = 2147483647;
			files = (
				134FCD0BEFE5F71FB15A99D3 /* Pods_FlixsterTests.framework in Frameworks */,
			);
			runOnlyForDeploymentPostprocessing = 0;
		};
		6E5E63DC2520F94300E7CB18 /* Frameworks */ = {
			isa = PBXFrameworksBuildPhase;
			buildActionMask = 2147483647;
			files = (
				E0D0D28C070AADE0CF8D0284 /* Pods_Flixster_FlixsterUITests.framework in Frameworks */,
			);
			runOnlyForDeploymentPostprocessing = 0;
		};
/* End PBXFrameworksBuildPhase section */

/* Begin PBXGroup section */
		6E5E63B52520F94100E7CB18 = {
			isa = PBXGroup;
			children = (
				6E5E63C02520F94100E7CB18 /* Flixster */,
				6E5E63D72520F94200E7CB18 /* FlixsterTests */,
				6E5E63E22520F94300E7CB18 /* FlixsterUITests */,
				6E5E63BF2520F94100E7CB18 /* Products */,
				E4C0DB4767BC9917A5664818 /* Pods */,
				B5F9DE04844B58D521FC65AE /* Frameworks */,
			);
			sourceTree = "<group>";
		};
		6E5E63BF2520F94100E7CB18 /* Products */ = {
			isa = PBXGroup;
			children = (
				6E5E63BE2520F94100E7CB18 /* Flixster.app */,
				6E5E63D42520F94200E7CB18 /* FlixsterTests.xctest */,
				6E5E63DF2520F94300E7CB18 /* FlixsterUITests.xctest */,
			);
			name = Products;
			sourceTree = "<group>";
		};
		6E5E63C02520F94100E7CB18 /* Flixster */ = {
			isa = PBXGroup;
			children = (
				6E5E63C12520F94100E7CB18 /* AppDelegate.swift */,
				6E5E63C32520F94100E7CB18 /* SceneDelegate.swift */,
				6E5E63C72520F94100E7CB18 /* Main.storyboard */,
				6E5E63FC2521031E00E7CB18 /* MovieCell.swift */,
				6E5E63CA2520F94200E7CB18 /* Assets.xcassets */,
				6E5E63CC2520F94200E7CB18 /* LaunchScreen.storyboard */,
				6E5E63CF2520F94200E7CB18 /* Info.plist */,
				6E5E63F42520F97C00E7CB18 /* MoviesViewController.swift */,
			);
			path = Flixster;
			sourceTree = "<group>";
		};
		6E5E63D72520F94200E7CB18 /* FlixsterTests */ = {
			isa = PBXGroup;
			children = (
				6E5E63D82520F94200E7CB18 /* FlixsterTests.swift */,
				6E5E63DA2520F94200E7CB18 /* Info.plist */,
			);
			path = FlixsterTests;
			sourceTree = "<group>";
		};
		6E5E63E22520F94300E7CB18 /* FlixsterUITests */ = {
			isa = PBXGroup;
			children = (
				6E5E63E32520F94300E7CB18 /* FlixsterUITests.swift */,
				6E5E63E52520F94300E7CB18 /* Info.plist */,
			);
			path = FlixsterUITests;
			sourceTree = "<group>";
		};
		B5F9DE04844B58D521FC65AE /* Frameworks */ = {
			isa = PBXGroup;
			children = (
				98B1F73D282E06038F62E209 /* Pods_Flixster.framework */,
				B4855E4ED0286D22F9264DEB /* Pods_Flixster_FlixsterUITests.framework */,
				47607C87C9FA5FF1A5EE0812 /* Pods_FlixsterTests.framework */,
			);
			name = Frameworks;
			sourceTree = "<group>";
		};
		E4C0DB4767BC9917A5664818 /* Pods */ = {
			isa = PBXGroup;
			children = (
				21DFC9ECAE9619F3FE835461 /* Pods-Flixster.debug.xcconfig */,
				6996D311070EBA623042C1F5 /* Pods-Flixster.release.xcconfig */,
				7850E7270AC2A08CB8C2F552 /* Pods-Flixster-FlixsterUITests.debug.xcconfig */,
				A40928B131ABE260CC7F52D6 /* Pods-Flixster-FlixsterUITests.release.xcconfig */,
				87E89E8DFBF793B7DC80526D /* Pods-FlixsterTests.debug.xcconfig */,
				F94CC9A0EE762D8E0FE454E7 /* Pods-FlixsterTests.release.xcconfig */,
			);
			name = Pods;
			path = Pods;
			sourceTree = "<group>";
		};
/* End PBXGroup section */

/* Begin PBXNativeTarget section */
		6E5E63BD2520F94100E7CB18 /* Flixster */ = {
			isa = PBXNativeTarget;
			buildConfigurationList = 6E5E63E82520F94300E7CB18 /* Build configuration list for PBXNativeTarget "Flixster" */;
			buildPhases = (
				D6714F63256B1E8176B8277F /* [CP] Check Pods Manifest.lock */,
				6E5E63BA2520F94100E7CB18 /* Sources */,
				6E5E63BB2520F94100E7CB18 /* Frameworks */,
				6E5E63BC2520F94100E7CB18 /* Resources */,
				0DEA050E53D64B5EADFA150C /* [CP] Embed Pods Frameworks */,
			);
			buildRules = (
			);
			dependencies = (
			);
			name = Flixster;
			productName = Flixster;
			productReference = 6E5E63BE2520F94100E7CB18 /* Flixster.app */;
			productType = "com.apple.product-type.application";
		};
		6E5E63D32520F94200E7CB18 /* FlixsterTests */ = {
			isa = PBXNativeTarget;
			buildConfigurationList = 6E5E63EB2520F94300E7CB18 /* Build configuration list for PBXNativeTarget "FlixsterTests" */;
			buildPhases = (
				428D635E2EDD51800E50F027 /* [CP] Check Pods Manifest.lock */,
				6E5E63D02520F94200E7CB18 /* Sources */,
				6E5E63D12520F94200E7CB18 /* Frameworks */,
				6E5E63D22520F94200E7CB18 /* Resources */,
			);
			buildRules = (
			);
			dependencies = (
				6E5E63D62520F94200E7CB18 /* PBXTargetDependency */,
			);
			name = FlixsterTests;
			productName = FlixsterTests;
			productReference = 6E5E63D42520F94200E7CB18 /* FlixsterTests.xctest */;
			productType = "com.apple.product-type.bundle.unit-test";
		};
		6E5E63DE2520F94300E7CB18 /* FlixsterUITests */ = {
			isa = PBXNativeTarget;
			buildConfigurationList = 6E5E63EE2520F94300E7CB18 /* Build configuration list for PBXNativeTarget "FlixsterUITests" */;
			buildPhases = (
				D4718B9B7F2AB236ED6C7868 /* [CP] Check Pods Manifest.lock */,
				6E5E63DB2520F94300E7CB18 /* Sources */,
				6E5E63DC2520F94300E7CB18 /* Frameworks */,
				6E5E63DD2520F94300E7CB18 /* Resources */,
				D5DEB2D76275484CCE122C3C /* [CP] Embed Pods Frameworks */,
			);
			buildRules = (
			);
			dependencies = (
				6E5E63E12520F94300E7CB18 /* PBXTargetDependency */,
			);
			name = FlixsterUITests;
			productName = FlixsterUITests;
			productReference = 6E5E63DF2520F94300E7CB18 /* FlixsterUITests.xctest */;
			productType = "com.apple.product-type.bundle.ui-testing";
		};
/* End PBXNativeTarget section */

/* Begin PBXProject section */
		6E5E63B62520F94100E7CB18 /* Project object */ = {
			isa = PBXProject;
			attributes = {
				LastSwiftUpdateCheck = 1200;
				LastUpgradeCheck = 1200;
				TargetAttributes = {
					6E5E63BD2520F94100E7CB18 = {
						CreatedOnToolsVersion = 12.0;
					};
					6E5E63D32520F94200E7CB18 = {
						CreatedOnToolsVersion = 12.0;
						TestTargetID = 6E5E63BD2520F94100E7CB18;
					};
					6E5E63DE2520F94300E7CB18 = {
						CreatedOnToolsVersion = 12.0;
						TestTargetID = 6E5E63BD2520F94100E7CB18;
					};
				};
			};
			buildConfigurationList = 6E5E63B92520F94100E7CB18 /* Build configuration list for PBXProject "Flixster" */;
			compatibilityVersion = "Xcode 9.3";
			developmentRegion = en;
			hasScannedForEncodings = 0;
			knownRegions = (
				en,
				Base,
			);
			mainGroup = 6E5E63B52520F94100E7CB18;
			productRefGroup = 6E5E63BF2520F94100E7CB18 /* Products */;
			projectDirPath = "";
			projectRoot = "";
			targets = (
				6E5E63BD2520F94100E7CB18 /* Flixster */,
				6E5E63D32520F94200E7CB18 /* FlixsterTests */,
				6E5E63DE2520F94300E7CB18 /* FlixsterUITests */,
			);
		};
/* End PBXProject section */

/* Begin PBXResourcesBuildPhase section */
		6E5E63BC2520F94100E7CB18 /* Resources */ = {
			isa = PBXResourcesBuildPhase;
			buildActionMask = 2147483647;
			files = (
				6E5E63CE2520F94200E7CB18 /* LaunchScreen.storyboard in Resources */,
				6E5E63CB2520F94200E7CB18 /* Assets.xcassets in Resources */,
				6E5E63C92520F94100E7CB18 /* Main.storyboard in Resources */,
			);
			runOnlyForDeploymentPostprocessing = 0;
		};
		6E5E63D22520F94200E7CB18 /* Resources */ = {
			isa = PBXResourcesBuildPhase;
			buildActionMask = 2147483647;
			files = (
			);
			runOnlyForDeploymentPostprocessing = 0;
		};
		6E5E63DD2520F94300E7CB18 /* Resources */ = {
			isa = PBXResourcesBuildPhase;
			buildActionMask = 2147483647;
			files = (
			);
			runOnlyForDeploymentPostprocessing = 0;
		};
/* End PBXResourcesBuildPhase section */

/* Begin PBXShellScriptBuildPhase section */
		0DEA050E53D64B5EADFA150C /* [CP] Embed Pods Frameworks */ = {
			isa = PBXShellScriptBuildPhase;
			buildActionMask = 2147483647;
			files = (
			);
			inputFileListPaths = (
				"${PODS_ROOT}/Target Support Files/Pods-Flixster/Pods-Flixster-frameworks-${CONFIGURATION}-input-files.xcfilelist",
			);
			name = "[CP] Embed Pods Frameworks";
			outputFileListPaths = (
				"${PODS_ROOT}/Target Support Files/Pods-Flixster/Pods-Flixster-frameworks-${CONFIGURATION}-output-files.xcfilelist",
			);
			runOnlyForDeploymentPostprocessing = 0;
			shellPath = /bin/sh;
			shellScript = "\"${PODS_ROOT}/Target Support Files/Pods-Flixster/Pods-Flixster-frameworks.sh\"\n";
			showEnvVarsInLog = 0;
		};
		428D635E2EDD51800E50F027 /* [CP] Check Pods Manifest.lock */ = {
			isa = PBXShellScriptBuildPhase;
			buildActionMask = 2147483647;
			files = (
			);
			inputFileListPaths = (
			);
			inputPaths = (
				"${PODS_PODFILE_DIR_PATH}/Podfile.lock",
				"${PODS_ROOT}/Manifest.lock",
			);
			name = "[CP] Check Pods Manifest.lock";
			outputFileListPaths = (
			);
			outputPaths = (
				"$(DERIVED_FILE_DIR)/Pods-FlixsterTests-checkManifestLockResult.txt",
			);
			runOnlyForDeploymentPostprocessing = 0;
			shellPath = /bin/sh;
			shellScript = "diff \"${PODS_PODFILE_DIR_PATH}/Podfile.lock\" \"${PODS_ROOT}/Manifest.lock\" > /dev/null\nif [ $? != 0 ] ; then\n    # print error to STDERR\n    echo \"error: The sandbox is not in sync with the Podfile.lock. Run 'pod install' or update your CocoaPods installation.\" >&2\n    exit 1\nfi\n# This output is used by Xcode 'outputs' to avoid re-running this script phase.\necho \"SUCCESS\" > \"${SCRIPT_OUTPUT_FILE_0}\"\n";
			showEnvVarsInLog = 0;
		};
		D4718B9B7F2AB236ED6C7868 /* [CP] Check Pods Manifest.lock */ = {
			isa = PBXShellScriptBuildPhase;
			buildActionMask = 2147483647;
			files = (
			);
			inputFileListPaths = (
			);
			inputPaths = (
				"${PODS_PODFILE_DIR_PATH}/Podfile.lock",
				"${PODS_ROOT}/Manifest.lock",
			);
			name = "[CP] Check Pods Manifest.lock";
			outputFileListPaths = (
			);
			outputPaths = (
				"$(DERIVED_FILE_DIR)/Pods-Flixster-FlixsterUITests-checkManifestLockResult.txt",
			);
			runOnlyForDeploymentPostprocessing = 0;
			shellPath = /bin/sh;
			shellScript = "diff \"${PODS_PODFILE_DIR_PATH}/Podfile.lock\" \"${PODS_ROOT}/Manifest.lock\" > /dev/null\nif [ $? != 0 ] ; then\n    # print error to STDERR\n    echo \"error: The sandbox is not in sync with the Podfile.lock. Run 'pod install' or update your CocoaPods installation.\" >&2\n    exit 1\nfi\n# This output is used by Xcode 'outputs' to avoid re-running this script phase.\necho \"SUCCESS\" > \"${SCRIPT_OUTPUT_FILE_0}\"\n";
			showEnvVarsInLog = 0;
		};
		D5DEB2D76275484CCE122C3C /* [CP] Embed Pods Frameworks */ = {
			isa = PBXShellScriptBuildPhase;
			buildActionMask = 2147483647;
			files = (
			);
			inputFileListPaths = (
				"${PODS_ROOT}/Target Support Files/Pods-Flixster-FlixsterUITests/Pods-Flixster-FlixsterUITests-frameworks-${CONFIGURATION}-input-files.xcfilelist",
			);
			name = "[CP] Embed Pods Frameworks";
			outputFileListPaths = (
				"${PODS_ROOT}/Target Support Files/Pods-Flixster-FlixsterUITests/Pods-Flixster-FlixsterUITests-frameworks-${CONFIGURATION}-output-files.xcfilelist",
			);
			runOnlyForDeploymentPostprocessing = 0;
			shellPath = /bin/sh;
			shellScript = "\"${PODS_ROOT}/Target Support Files/Pods-Flixster-FlixsterUITests/Pods-Flixster-FlixsterUITests-frameworks.sh\"\n";
			showEnvVarsInLog = 0;
		};
		D6714F63256B1E8176B8277F /* [CP] Check Pods Manifest.lock */ = {
			isa = PBXShellScriptBuildPhase;
			buildActionMask = 2147483647;
			files = (
			);
			inputFileListPaths = (
			);
			inputPaths = (
				"${PODS_PODFILE_DIR_PATH}/Podfile.lock",
				"${PODS_ROOT}/Manifest.lock",
			);
			name = "[CP] Check Pods Manifest.lock";
			outputFileListPaths = (
			);
			outputPaths = (
				"$(DERIVED_FILE_DIR)/Pods-Flixster-checkManifestLockResult.txt",
			);
			runOnlyForDeploymentPostprocessing = 0;
			shellPath = /bin/sh;
			shellScript = "diff \"${PODS_PODFILE_DIR_PATH}/Podfile.lock\" \"${PODS_ROOT}/Manifest.lock\" > /dev/null\nif [ $? != 0 ] ; then\n    # print error to STDERR\n    echo \"error: The sandbox is not in sync with the Podfile.lock. Run 'pod install' or update your CocoaPods installation.\" >&2\n    exit 1\nfi\n# This output is used by Xcode 'outputs' to avoid re-running this script phase.\necho \"SUCCESS\" > \"${SCRIPT_OUTPUT_FILE_0}\"\n";
			showEnvVarsInLog = 0;
		};
/* End PBXShellScriptBuildPhase section */

/* Begin PBXSourcesBuildPhase section */
		6E5E63BA2520F94100E7CB18 /* Sources */ = {
			isa = PBXSourcesBuildPhase;
			buildActionMask = 2147483647;
			files = (
				6E5E63C22520F94100E7CB18 /* AppDelegate.swift in Sources */,
				6E5E63C42520F94100E7CB18 /* SceneDelegate.swift in Sources */,
				6E5E63FD2521031E00E7CB18 /* MovieCell.swift in Sources */,
				6E5E63F52520F97C00E7CB18 /* MoviesViewController.swift in Sources */,
			);
			runOnlyForDeploymentPostprocessing = 0;
		};
		6E5E63D02520F94200E7CB18 /* Sources */ = {
			isa = PBXSourcesBuildPhase;
			buildActionMask = 2147483647;
			files = (
				6E5E63D92520F94200E7CB18 /* FlixsterTests.swift in Sources */,
			);
			runOnlyForDeploymentPostprocessing = 0;
		};
		6E5E63DB2520F94300E7CB18 /* Sources */ = {
			isa = PBXSourcesBuildPhase;
			buildActionMask = 2147483647;
			files = (
				6E5E63E42520F94300E7CB18 /* FlixsterUITests.swift in Sources */,
			);
			runOnlyForDeploymentPostprocessing = 0;
		};
/* End PBXSourcesBuildPhase section */

/* Begin PBXTargetDependency section */
		6E5E63D62520F94200E7CB18 /* PBXTargetDependency */ = {
			isa = PBXTargetDependency;
			target = 6E5E63BD2520F94100E7CB18 /* Flixster */;
			targetProxy = 6E5E63D52520F94200E7CB18 /* PBXContainerItemProxy */;
		};
		6E5E63E12520F94300E7CB18 /* PBXTargetDependency */ = {
			isa = PBXTargetDependency;
			target = 6E5E63BD2520F94100E7CB18 /* Flixster */;
			targetProxy = 6E5E63E02520F94300E7CB18 /* PBXContainerItemProxy */;
		};
/* End PBXTargetDependency section */

/* Begin PBXVariantGroup section */
		6E5E63C72520F94100E7CB18 /* Main.storyboard */ = {
			isa = PBXVariantGroup;
			children = (
				6E5E63C82520F94100E7CB18 /* Base */,
			);
			name = Main.storyboard;
			sourceTree = "<group>";
		};
		6E5E63CC2520F94200E7CB18 /* LaunchScreen.storyboard */ = {
			isa = PBXVariantGroup;
			children = (
				6E5E63CD2520F94200E7CB18 /* Base */,
			);
			name = LaunchScreen.storyboard;
			sourceTree = "<group>";
		};
/* End PBXVariantGroup section */

/* Begin XCBuildConfiguration section */
		6E5E63E62520F94300E7CB18 /* Debug */ = {
			isa = XCBuildConfiguration;
			buildSettings = {
				ALWAYS_SEARCH_USER_PATHS = NO;
				CLANG_ANALYZER_NONNULL = YES;
				CLANG_ANALYZER_NUMBER_OBJECT_CONVERSION = YES_AGGRESSIVE;
				CLANG_CXX_LANGUAGE_STANDARD = "gnu++14";
				CLANG_CXX_LIBRARY = "libc++";
				CLANG_ENABLE_MODULES = YES;
				CLANG_ENABLE_OBJC_ARC = YES;
				CLANG_ENABLE_OBJC_WEAK = YES;
				CLANG_WARN_BLOCK_CAPTURE_AUTORELEASING = YES;
				CLANG_WARN_BOOL_CONVERSION = YES;
				CLANG_WARN_COMMA = YES;
				CLANG_WARN_CONSTANT_CONVERSION = YES;
				CLANG_WARN_DEPRECATED_OBJC_IMPLEMENTATIONS = YES;
				CLANG_WARN_DIRECT_OBJC_ISA_USAGE = YES_ERROR;
				CLANG_WARN_DOCUMENTATION_COMMENTS = YES;
				CLANG_WARN_EMPTY_BODY = YES;
				CLANG_WARN_ENUM_CONVERSION = YES;
				CLANG_WARN_INFINITE_RECURSION = YES;
				CLANG_WARN_INT_CONVERSION = YES;
				CLANG_WARN_NON_LITERAL_NULL_CONVERSION = YES;
				CLANG_WARN_OBJC_IMPLICIT_RETAIN_SELF = YES;
				CLANG_WARN_OBJC_LITERAL_CONVERSION = YES;
				CLANG_WARN_OBJC_ROOT_CLASS = YES_ERROR;
				CLANG_WARN_QUOTED_INCLUDE_IN_FRAMEWORK_HEADER = YES;
				CLANG_WARN_RANGE_LOOP_ANALYSIS = YES;
				CLANG_WARN_STRICT_PROTOTYPES = YES;
				CLANG_WARN_SUSPICIOUS_MOVE = YES;
				CLANG_WARN_UNGUARDED_AVAILABILITY = YES_AGGRESSIVE;
				CLANG_WARN_UNREACHABLE_CODE = YES;
				CLANG_WARN__DUPLICATE_METHOD_MATCH = YES;
				COPY_PHASE_STRIP = NO;
				DEBUG_INFORMATION_FORMAT = dwarf;
				ENABLE_STRICT_OBJC_MSGSEND = YES;
				ENABLE_TESTABILITY = YES;
				GCC_C_LANGUAGE_STANDARD = gnu11;
				GCC_DYNAMIC_NO_PIC = NO;
				GCC_NO_COMMON_BLOCKS = YES;
				GCC_OPTIMIZATION_LEVEL = 0;
				GCC_PREPROCESSOR_DEFINITIONS = (
					"DEBUG=1",
					"$(inherited)",
				);
				GCC_WARN_64_TO_32_BIT_CONVERSION = YES;
				GCC_WARN_ABOUT_RETURN_TYPE = YES_ERROR;
				GCC_WARN_UNDECLARED_SELECTOR = YES;
				GCC_WARN_UNINITIALIZED_AUTOS = YES_AGGRESSIVE;
				GCC_WARN_UNUSED_FUNCTION = YES;
				GCC_WARN_UNUSED_VARIABLE = YES;
				IPHONEOS_DEPLOYMENT_TARGET = 14.0;
				MTL_ENABLE_DEBUG_INFO = INCLUDE_SOURCE;
				MTL_FAST_MATH = YES;
				ONLY_ACTIVE_ARCH = YES;
				SDKROOT = iphoneos;
				SWIFT_ACTIVE_COMPILATION_CONDITIONS = DEBUG;
				SWIFT_OPTIMIZATION_LEVEL = "-Onone";
			};
			name = Debug;
		};
		6E5E63E72520F94300E7CB18 /* Release */ = {
			isa = XCBuildConfiguration;
			buildSettings = {
				ALWAYS_SEARCH_USER_PATHS = NO;
				CLANG_ANALYZER_NONNULL = YES;
				CLANG_ANALYZER_NUMBER_OBJECT_CONVERSION = YES_AGGRESSIVE;
				CLANG_CXX_LANGUAGE_STANDARD = "gnu++14";
				CLANG_CXX_LIBRARY = "libc++";
				CLANG_ENABLE_MODULES = YES;
				CLANG_ENABLE_OBJC_ARC = YES;
				CLANG_ENABLE_OBJC_WEAK = YES;
				CLANG_WARN_BLOCK_CAPTURE_AUTORELEASING = YES;
				CLANG_WARN_BOOL_CONVERSION = YES;
				CLANG_WARN_COMMA = YES;
				CLANG_WARN_CONSTANT_CONVERSION = YES;
				CLANG_WARN_DEPRECATED_OBJC_IMPLEMENTATIONS = YES;
				CLANG_WARN_DIRECT_OBJC_ISA_USAGE = YES_ERROR;
				CLANG_WARN_DOCUMENTATION_COMMENTS = YES;
				CLANG_WARN_EMPTY_BODY = YES;
				CLANG_WARN_ENUM_CONVERSION = YES;
				CLANG_WARN_INFINITE_RECURSION = YES;
				CLANG_WARN_INT_CONVERSION = YES;
				CLANG_WARN_NON_LITERAL_NULL_CONVERSION = YES;
				CLANG_WARN_OBJC_IMPLICIT_RETAIN_SELF = YES;
				CLANG_WARN_OBJC_LITERAL_CONVERSION = YES;
				CLANG_WARN_OBJC_ROOT_CLASS = YES_ERROR;
				CLANG_WARN_QUOTED_INCLUDE_IN_FRAMEWORK_HEADER = YES;
				CLANG_WARN_RANGE_LOOP_ANALYSIS = YES;
				CLANG_WARN_STRICT_PROTOTYPES = YES;
				CLANG_WARN_SUSPICIOUS_MOVE = YES;
				CLANG_WARN_UNGUARDED_AVAILABILITY = YES_AGGRESSIVE;
				CLANG_WARN_UNREACHABLE_CODE = YES;
				CLANG_WARN__DUPLICATE_METHOD_MATCH = YES;
				COPY_PHASE_STRIP = NO;
				DEBUG_INFORMATION_FORMAT = "dwarf-with-dsym";
				ENABLE_NS_ASSERTIONS = NO;
				ENABLE_STRICT_OBJC_MSGSEND = YES;
				GCC_C_LANGUAGE_STANDARD = gnu11;
				GCC_NO_COMMON_BLOCKS = YES;
				GCC_WARN_64_TO_32_BIT_CONVERSION = YES;
				GCC_WARN_ABOUT_RETURN_TYPE = YES_ERROR;
				GCC_WARN_UNDECLARED_SELECTOR = YES;
				GCC_WARN_UNINITIALIZED_AUTOS = YES_AGGRESSIVE;
				GCC_WARN_UNUSED_FUNCTION = YES;
				GCC_WARN_UNUSED_VARIABLE = YES;
				IPHONEOS_DEPLOYMENT_TARGET = 14.0;
				MTL_ENABLE_DEBUG_INFO = NO;
				MTL_FAST_MATH = YES;
				SDKROOT = iphoneos;
				SWIFT_COMPILATION_MODE = wholemodule;
				SWIFT_OPTIMIZATION_LEVEL = "-O";
				VALIDATE_PRODUCT = YES;
			};
			name = Release;
		};
		6E5E63E92520F94300E7CB18 /* Debug */ = {
			isa = XCBuildConfiguration;
			baseConfigurationReference = 21DFC9ECAE9619F3FE835461 /* Pods-Flixster.debug.xcconfig */;
			buildSettings = {
				ASSETCATALOG_COMPILER_APPICON_NAME = AppIcon;
				ASSETCATALOG_COMPILER_GLOBAL_ACCENT_COLOR_NAME = AccentColor;
				CODE_SIGN_STYLE = Automatic;
				INFOPLIST_FILE = Flixster/Info.plist;
				LD_RUNPATH_SEARCH_PATHS = (
					"$(inherited)",
					"@executable_path/Frameworks",
				);
				PRODUCT_BUNDLE_IDENTIFIER = com.codepath.Flixster;
				PRODUCT_NAME = "$(TARGET_NAME)";
				SWIFT_VERSION = 5.0;
				TARGETED_DEVICE_FAMILY = "1,2";
			};
			name = Debug;
		};
		6E5E63EA2520F94300E7CB18 /* Release */ = {
			isa = XCBuildConfiguration;
			baseConfigurationReference = 6996D311070EBA623042C1F5 /* Pods-Flixster.release.xcconfig */;
			buildSettings = {
				ASSETCATALOG_COMPILER_APPICON_NAME = AppIcon;
				ASSETCATALOG_COMPILER_GLOBAL_ACCENT_COLOR_NAME = AccentColor;
				CODE_SIGN_STYLE = Automatic;
				INFOPLIST_FILE = Flixster/Info.plist;
				LD_RUNPATH_SEARCH_PATHS = (
					"$(inherited)",
					"@executable_path/Frameworks",
				);
				PRODUCT_BUNDLE_IDENTIFIER = com.codepath.Flixster;
				PRODUCT_NAME = "$(TARGET_NAME)";
				SWIFT_VERSION = 5.0;
				TARGETED_DEVICE_FAMILY = "1,2";
			};
			name = Release;
		};
		6E5E63EC2520F94300E7CB18 /* Debug */ = {
			isa = XCBuildConfiguration;
			baseConfigurationReference = 87E89E8DFBF793B7DC80526D /* Pods-FlixsterTests.debug.xcconfig */;
			buildSettings = {
				ALWAYS_EMBED_SWIFT_STANDARD_LIBRARIES = YES;
				BUNDLE_LOADER = "$(TEST_HOST)";
				CODE_SIGN_STYLE = Automatic;
				INFOPLIST_FILE = FlixsterTests/Info.plist;
				IPHONEOS_DEPLOYMENT_TARGET = 14.0;
				LD_RUNPATH_SEARCH_PATHS = (
					"$(inherited)",
					"@executable_path/Frameworks",
					"@loader_path/Frameworks",
				);
				PRODUCT_BUNDLE_IDENTIFIER = com.codepath.FlixsterTests;
				PRODUCT_NAME = "$(TARGET_NAME)";
				SWIFT_VERSION = 5.0;
				TARGETED_DEVICE_FAMILY = "1,2";
				TEST_HOST = "$(BUILT_PRODUCTS_DIR)/Flixster.app/Flixster";
			};
			name = Debug;
		};
		6E5E63ED2520F94300E7CB18 /* Release */ = {
			isa = XCBuildConfiguration;
			baseConfigurationReference = F94CC9A0EE762D8E0FE454E7 /* Pods-FlixsterTests.release.xcconfig */;
			buildSettings = {
				ALWAYS_EMBED_SWIFT_STANDARD_LIBRARIES = YES;
				BUNDLE_LOADER = "$(TEST_HOST)";
				CODE_SIGN_STYLE = Automatic;
				INFOPLIST_FILE = FlixsterTests/Info.plist;
				IPHONEOS_DEPLOYMENT_TARGET = 14.0;
				LD_RUNPATH_SEARCH_PATHS = (
					"$(inherited)",
					"@executable_path/Frameworks",
					"@loader_path/Frameworks",
				);
				PRODUCT_BUNDLE_IDENTIFIER = com.codepath.FlixsterTests;
				PRODUCT_NAME = "$(TARGET_NAME)";
				SWIFT_VERSION = 5.0;
				TARGETED_DEVICE_FAMILY = "1,2";
				TEST_HOST = "$(BUILT_PRODUCTS_DIR)/Flixster.app/Flixster";
			};
			name = Release;
		};
		6E5E63EF2520F94300E7CB18 /* Debug */ = {
			isa = XCBuildConfiguration;
			baseConfigurationReference = 7850E7270AC2A08CB8C2F552 /* Pods-Flixster-FlixsterUITests.debug.xcconfig */;
			buildSettings = {
				ALWAYS_EMBED_SWIFT_STANDARD_LIBRARIES = YES;
				CODE_SIGN_STYLE = Automatic;
				INFOPLIST_FILE = FlixsterUITests/Info.plist;
				LD_RUNPATH_SEARCH_PATHS = (
					"$(inherited)",
					"@executable_path/Frameworks",
					"@loader_path/Frameworks",
				);
				PRODUCT_BUNDLE_IDENTIFIER = com.codepath.FlixsterUITests;
				PRODUCT_NAME = "$(TARGET_NAME)";
				SWIFT_VERSION = 5.0;
				TARGETED_DEVICE_FAMILY = "1,2";
				TEST_TARGET_NAME = Flixster;
			};
			name = Debug;
		};
		6E5E63F02520F94300E7CB18 /* Release */ = {
			isa = XCBuildConfiguration;
			baseConfigurationReference = A40928B131ABE260CC7F52D6 /* Pods-Flixster-FlixsterUITests.release.xcconfig */;
			buildSettings = {
				ALWAYS_EMBED_SWIFT_STANDARD_LIBRARIES = YES;
				CODE_SIGN_STYLE = Automatic;
				INFOPLIST_FILE = FlixsterUITests/Info.plist;
				LD_RUNPATH_SEARCH_PATHS = (
					"$(inherited)",
					"@executable_path/Frameworks",
					"@loader_path/Frameworks",
				);
				PRODUCT_BUNDLE_IDENTIFIER = com.codepath.FlixsterUITests;
				PRODUCT_NAME = "$(TARGET_NAME)";
				SWIFT_VERSION = 5.0;
				TARGETED_DEVICE_FAMILY = "1,2";
				TEST_TARGET_NAME = Flixster;
			};
			name = Release;
		};
/* End XCBuildConfiguration section */

/* Begin XCConfigurationList section */
		6E5E63B92520F94100E7CB18 /* Build configuration list for PBXProject "Flixster" */ = {
			isa = XCConfigurationList;
			buildConfigurations = (
				6E5E63E62520F94300E7CB18 /* Debug */,
				6E5E63E72520F94300E7CB18 /* Release */,
			);
			defaultConfigurationIsVisible = 0;
			defaultConfigurationName = Release;
		};
		6E5E63E82520F94300E7CB18 /* Build configuration list for PBXNativeTarget "Flixster" */ = {
			isa = XCConfigurationList;
			buildConfigurations = (
				6E5E63E92520F94300E7CB18 /* Debug */,
				6E5E63EA2520F94300E7CB18 /* Release */,
			);
			defaultConfigurationIsVisible = 0;
			defaultConfigurationName = Release;
		};
		6E5E63EB2520F94300E7CB18 /* Build configuration list for PBXNativeTarget "FlixsterTests" */ = {
			isa = XCConfigurationList;
			buildConfigurations = (
				6E5E63EC2520F94300E7CB18 /* Debug */,
				6E5E63ED2520F94300E7CB18 /* Release */,
			);
			defaultConfigurationIsVisible = 0;
			defaultConfigurationName = Release;
		};
		6E5E63EE2520F94300E7CB18 /* Build configuration list for PBXNativeTarget "FlixsterUITests" */ = {
			isa = XCConfigurationList;
			buildConfigurations = (
				6E5E63EF2520F94300E7CB18 /* Debug */,
				6E5E63F02520F94300E7CB18 /* Release */,
			);
			defaultConfigurationIsVisible = 0;
			defaultConfigurationName = Release;
		};
/* End XCConfigurationList section */
	};
	rootObject = 6E5E63B62520F94100E7CB18 /* Project object */;
}
